
Microsoft Visual Studio Solution File, Format Version 12.00
# Visual Studio Version 17
VisualStudioVersion = 17.3.32922.545
MinimumVisualStudioVersion = 10.0.40219.1
Project("{FAE04EC0-301F-11D3-BF4B-00C04F79EFBC}") = "projectApp", "projectApp\projectApp.csproj", "{0563BAAC-1E9B-4C8A-86DE-A46CEBD8AFA9}"
EndProject
Global
	GlobalSection(SolutionConfigurationPlatforms) = preSolution
		Debug|Any CPU = Debug|Any CPU
		Release|Any CPU = Release|Any CPU
	EndGlobalSection
	GlobalSection(ProjectConfigurationPlatforms) = postSolution
		{0563BAAC-1E9B-4C8A-86DE-A46CEBD8AFA9}.Debug|Any CPU.ActiveCfg = Debug|Any CPU
		{0563BAAC-1E9B-4C8A-86DE-A46CEBD8AFA9}.Debug|Any CPU.Build.0 = Debug|Any CPU
		{0563BAAC-1E9B-4C8A-86DE-A46CEBD8AFA9}.Release|Any CPU.ActiveCfg = Release|Any CPU
		{0563BAAC-1E9B-4C8A-86DE-A46CEBD8AFA9}.Release|Any CPU.Build.0 = Release|Any CPU
	EndGlobalSection
	GlobalSection(SolutionProperties) = preSolution
		HideSolutionNode = FALSE
	EndGlobalSection
	GlobalSection(ExtensibilityGlobals) = postSolution
		SolutionGuid = {AED637C6-42EF-47CB-AA0C-D66881375A13}
	EndGlobalSection
EndGlobal
